
Microsoft Visual Studio Solution File, Format Version 12.00
# Visual Studio Version 16
VisualStudioVersion = 16.0.29020.237
MinimumVisualStudioVersion = 10.0.40219.1
Project("{FAE04EC0-301F-11D3-BF4B-00C04F79EFBC}") = "Snake", "Snake\Snake.csproj", "{4409325E-040C-4FED-8847-38B5B84D462F}"
EndProject
Global
	GlobalSection(SolutionConfigurationPlatforms) = preSolution
		Debug|Any CPU = Debug|Any CPU
		Release|Any CPU = Release|Any CPU
	EndGlobalSection
	GlobalSection(ProjectConfigurationPlatforms) = postSolution
		{4409325E-040C-4FED-8847-38B5B84D462F}.Debug|Any CPU.ActiveCfg = Debug|Any CPU
		{4409325E-040C-4FED-8847-38B5B84D462F}.Debug|Any CPU.Build.0 = Debug|Any CPU
		{4409325E-040C-4FED-8847-38B5B84D462F}.Release|Any CPU.ActiveCfg = Release|Any CPU
		{4409325E-040C-4FED-8847-38B5B84D462F}.Release|Any CPU.Build.0 = Release|Any CPU
	EndGlobalSection
	GlobalSection(SolutionProperties) = preSolution
		HideSolutionNode = FALSE
	EndGlobalSection
	GlobalSection(ExtensibilityGlobals) = postSolution
		SolutionGuid = {5F1F37E2-750C-4375-804D-ADBA87F857F1}
	EndGlobalSection
EndGlobal
